{
	"name": "jsbun",
	"version": "0.0.0",
	"lockfileVersion": 3,
	"requires": true,
	"packages": {
		"": {
			"name": "jsbun",
			"version": "0.0.0",
			"devDependencies": {
				"typescript": "^5.2.2",
				"vite": "^5.1.0"
			}
		},
		"node_modules/@esbuild/darwin-arm64": {
			"version": "0.19.12",
			"cpu": [
				"arm64"
			],
			"dev": true,
			"license": "MIT",
			"optional": true,
			"os": [
				"darwin"
			],
			"engines": {
				"node": ">=12"
			}
		},
		"node_modules/@rollup/rollup-darwin-arm64": {
			"version": "4.12.0",
			"cpu": [
				"arm64"
			],
			"dev": true,
			"license": "MIT",
			"optional": true,
			"os": [
				"darwin"
			]
		},
		"node_modules/@types/estree": {
			"version": "1.0.5",
			"dev": true,
			"license": "MIT"
		},
		"node_modules/esbuild": {
			"version": "0.19.12",
			"dev": true,
			"hasInstallScript": true,
			"license": "MIT",
			"bin": {
				"esbuild": "bin/esbuild"
			},
			"engines": {
				"node": ">=12"
			},
			"optionalDependencies": {
				"@esbuild/aix-ppc64": "0.19.12",
				"@esbuild/android-arm": "0.19.12",
				"@esbuild/android-arm64": "0.19.12",
				"@esbuild/android-x64": "0.19.12",
				"@esbuild/darwin-arm64": "0.19.12",
				"@esbuild/darwin-x64": "0.19.12",
				"@esbuild/freebsd-arm64": "0.19.12",
				"@esbuild/freebsd-x64": "0.19.12",
				"@esbuild/linux-arm": "0.19.12",
				"@esbuild/linux-arm64": "0.19.12",
				"@esbuild/linux-ia32": "0.19.12",
				"@esbuild/linux-loong64": "0.19.12",
				"@esbuild/linux-mips64el": "0.19.12",
				"@esbuild/linux-ppc64": "0.19.12",
				"@esbuild/linux-riscv64": "0.19.12",
				"@esbuild/linux-s390x": "0.19.12",
				"@esbuild/linux-x64": "0.19.12",
				"@esbuild/netbsd-x64": "0.19.12",
				"@esbuild/openbsd-x64": "0.19.12",
				"@esbuild/sunos-x64": "0.19.12",
				"@esbuild/win32-arm64": "0.19.12",
				"@esbuild/win32-ia32": "0.19.12",
				"@esbuild/win32-x64": "0.19.12"
			}
		},
		"node_modules/fsevents": {
			"version": "2.3.3",
			"dev": true,
			"license": "MIT",
			"optional": true,
			"os": [
				"darwin"
			],
			"engines": {
				"node": "^8.16.0 || ^10.6.0 || >=11.0.0"
			}
		},
		"node_modules/nanoid": {
			"version": "3.3.7",
			"dev": true,
			"funding": [
				{
					"type": "github",
					"url": "https://github.com/sponsors/ai"
				}
			],
			"license": "MIT",
			"bin": {
				"nanoid": "bin/nanoid.cjs"
			},
			"engines": {
				"node": "^10 || ^12 || ^13.7 || ^14 || >=15.0.1"
			}
		},
		"node_modules/picocolors": {
			"version": "1.0.0",
			"dev": true,
			"license": "ISC"
		},
		"node_modules/postcss": {
			"version": "8.4.35",
			"dev": true,
			"funding": [
				{
					"type": "opencollective",
					"url": "https://opencollective.com/postcss/"
				},
				{
					"type": "tidelift",
					"url": "https://tidelift.com/funding/github/npm/postcss"
				},
				{
					"type": "github",
					"url": "https://github.com/sponsors/ai"
				}
			],
			"license": "MIT",
			"dependencies": {
				"nanoid": "^3.3.7",
				"picocolors": "^1.0.0",
				"source-map-js": "^1.0.2"
			},
			"engines": {
				"node": "^10 || ^12 || >=14"
			}
		},
		"node_modules/rollup": {
			"version": "4.12.0",
			"dev": true,
			"license": "MIT",
			"dependencies": {
				"@types/estree": "1.0.5"
			},
			"bin": {
				"rollup": "dist/bin/rollup"
			},
			"engines": {
				"node": ">=18.0.0",
				"npm": ">=8.0.0"
			},
			"optionalDependencies": {
				"@rollup/rollup-android-arm-eabi": "4.12.0",
				"@rollup/rollup-android-arm64": "4.12.0",
				"@rollup/rollup-darwin-arm64": "4.12.0",
				"@rollup/rollup-darwin-x64": "4.12.0",
				"@rollup/rollup-linux-arm-gnueabihf": "4.12.0",
				"@rollup/rollup-linux-arm64-gnu": "4.12.0",
				"@rollup/rollup-linux-arm64-musl": "4.12.0",
				"@rollup/rollup-linux-riscv64-gnu": "4.12.0",
				"@rollup/rollup-linux-x64-gnu": "4.12.0",
				"@rollup/rollup-linux-x64-musl": "4.12.0",
				"@rollup/rollup-win32-arm64-msvc": "4.12.0",
				"@rollup/rollup-win32-ia32-msvc": "4.12.0",
				"@rollup/rollup-win32-x64-msvc": "4.12.0",
				"fsevents": "~2.3.2"
			}
		},
		"node_modules/source-map-js": {
			"version": "1.0.2",
			"dev": true,
			"license": "BSD-3-Clause",
			"engines": {
				"node": ">=0.10.0"
			}
		},
		"node_modules/typescript": {
			"version": "5.3.3",
			"dev": true,
			"license": "Apache-2.0",
			"bin": {
				"tsc": "bin/tsc",
				"tsserver": "bin/tsserver"
			},
			"engines": {
				"node": ">=14.17"
			}
		},
		"node_modules/vite": {
			"version": "5.1.3",
			"dev": true,
			"license": "MIT",
			"dependencies": {
				"esbuild": "^0.19.3",
				"postcss": "^8.4.35",
				"rollup": "^4.2.0"
			},
			"bin": {
				"vite": "bin/vite.js"
			},
			"engines": {
				"node": "^18.0.0 || >=20.0.0"
			},
			"funding": {
				"url": "https://github.com/vitejs/vite?sponsor=1"
			},
			"optionalDependencies": {
				"fsevents": "~2.3.3"
			},
			"peerDependencies": {
				"@types/node": "^18.0.0 || >=20.0.0",
				"less": "*",
				"lightningcss": "^1.21.0",
				"sass": "*",
				"stylus": "*",
				"sugarss": "*",
				"terser": "^5.4.0"
			},
			"peerDependenciesMeta": {
				"@types/node": {
					"optional": true
				},
				"less": {
					"optional": true
				},
				"lightningcss": {
					"optional": true
				},
				"sass": {
					"optional": true
				},
				"stylus": {
					"optional": true
				},
				"sugarss": {
					"optional": true
				},
				"terser": {
					"optional": true
				}
			}
		}
	}
}
