{
	"name": "@gradio/preview",
	"version": "0.0.2",
	"lockfileVersion": 2,
	"requires": true,
	"packages": {
		"": {
			"name": "@gradio/preview",
			"version": "0.0.2",
			"license": "ISC",
			"dependencies": {
				"@originjs/vite-plugin-commonjs": "^1.0.3",
				"@rollup/plugin-sucrase": "^5.0.1",
				"@sveltejs/vite-plugin-svelte": "^2.4.2",
				"coffeescript": "^2.7.0",
				"css-tree": "2.3.1",
				"esbuild": "^0.19.0",
				"lightningcss": "^1.21.7",
				"pug": "^3.0.2",
				"rollup-plugin-ignore": "^1.0.10",
				"sass": "^1.66.1",
				"stylus": "^0.60.0",
				"sucrase": "^3.34.0",
				"sugarss": "^4.0.1",
				"svelte": "^4.2.0",
				"yootils": "^0.3.1"
			},
			"devDependencies": {
				"@rollup/plugin-commonjs": "^25.0.4",
				"@rollup/plugin-json": "^6.0.0",
				"@rollup/plugin-node-resolve": "^15.1.0",
				"@rollup/plugin-typescript": "^11.1.2",
				"rollup": "^3.28.0",
				"svelte-hmr": "^0.15.3",
				"vite": "^4.4.9"
			}
		},
		"../../node_modules/.pnpm/@originjs+vite-plugin-commonjs@1.0.3/node_modules/@originjs/vite-plugin-commonjs": {
			"version": "1.0.3",
			"license": "MulanPSL2",
			"dependencies": {
				"esbuild": "^0.14.14"
			},
			"devDependencies": {
				"@types/node": "^15.12.2",
				"typescript": "^4.3.2",
				"vite": "^2.3.6"
			}
		},
		"../../node_modules/.pnpm/@rollup+plugin-commonjs@25.0.4_rollup@3.28.0/node_modules/@rollup/plugin-commonjs": {
			"version": "25.0.4",
			"dev": true,
			"license": "MIT",
			"dependencies": {
				"@rollup/pluginutils": "^5.0.1",
				"commondir": "^1.0.1",
				"estree-walker": "^2.0.2",
				"glob": "^8.0.3",
				"is-reference": "1.2.1",
				"magic-string": "^0.27.0"
			},
			"devDependencies": {
				"@rollup/plugin-json": "^5.0.0",
				"@rollup/plugin-node-resolve": "^15.0.0",
				"locate-character": "^2.0.5",
				"require-relative": "^0.8.7",
				"rollup": "^3.19.0",
				"shx": "^0.3.4",
				"source-map": "^0.7.4",
				"source-map-support": "^0.5.21",
				"typescript": "^4.8.3"
			},
			"engines": {
				"node": ">=14.0.0"
			},
			"peerDependencies": {
				"rollup": "^2.68.0||^3.0.0"
			},
			"peerDependenciesMeta": {
				"rollup": {
					"optional": true
				}
			}
		},
		"../../node_modules/.pnpm/@rollup+plugin-json@6.0.0_rollup@3.28.0/node_modules/@rollup/plugin-json": {
			"version": "6.0.0",
			"dev": true,
			"license": "MIT",
			"dependencies": {
				"@rollup/pluginutils": "^5.0.1"
			},
			"devDependencies": {
				"@rollup/plugin-buble": "^1.0.0",
				"@rollup/plugin-node-resolve": "^15.0.0",
				"rollup": "^3.2.3",
				"source-map-support": "^0.5.21"
			},
			"engines": {
				"node": ">=14.0.0"
			},
			"peerDependencies": {
				"rollup": "^1.20.0||^2.0.0||^3.0.0"
			},
			"peerDependenciesMeta": {
				"rollup": {
					"optional": true
				}
			}
		},
		"../../node_modules/.pnpm/@rollup+plugin-node-resolve@15.1.0_rollup@3.28.0/node_modules/@rollup/plugin-node-resolve": {
			"version": "15.1.0",
			"dev": true,
			"license": "MIT",
			"dependencies": {
				"@rollup/pluginutils": "^5.0.1",
				"@types/resolve": "1.20.2",
				"deepmerge": "^4.2.2",
				"is-builtin-module": "^3.2.1",
				"is-module": "^1.0.0",
				"resolve": "^1.22.1"
			},
			"devDependencies": {
				"@babel/core": "^7.19.1",
				"@babel/plugin-transform-typescript": "^7.10.5",
				"@rollup/plugin-babel": "^6.0.0",
				"@rollup/plugin-commonjs": "^23.0.0",
				"@rollup/plugin-json": "^5.0.0",
				"es5-ext": "^0.10.62",
				"rollup": "^3.2.3",
				"source-map": "^0.7.4",
				"string-capitalize": "^1.0.1"
			},
			"engines": {
				"node": ">=14.0.0"
			},
			"peerDependencies": {
				"rollup": "^2.78.0||^3.0.0"
			},
			"peerDependenciesMeta": {
				"rollup": {
					"optional": true
				}
			}
		},
		"../../node_modules/.pnpm/@rollup+plugin-sucrase@5.0.1_rollup@3.28.0/node_modules/@rollup/plugin-sucrase": {
			"version": "5.0.1",
			"license": "MIT",
			"dependencies": {
				"@rollup/pluginutils": "^5.0.1",
				"sucrase": "^3.27.0"
			},
			"devDependencies": {
				"@rollup/plugin-alias": "^4.0.0",
				"rollup": "^3.2.3"
			},
			"engines": {
				"node": ">=14.0.0"
			},
			"peerDependencies": {
				"rollup": "^2.53.1||^3.0.0"
			},
			"peerDependenciesMeta": {
				"rollup": {
					"optional": true
				}
			}
		},
		"../../node_modules/.pnpm/@rollup+plugin-typescript@11.1.2_rollup@3.28.0_typescript@5.1.3/node_modules/@rollup/plugin-typescript": {
			"version": "11.1.2",
			"dev": true,
			"license": "MIT",
			"dependencies": {
				"@rollup/pluginutils": "^5.0.1",
				"resolve": "^1.22.1"
			},
			"devDependencies": {
				"@rollup/plugin-buble": "^1.0.0",
				"@rollup/plugin-commonjs": "^23.0.0",
				"@types/node": "^14.18.30",
				"@types/resolve": "^1.20.2",
				"buble": "^0.20.0",
				"rollup": "^3.2.3",
				"typescript": "^4.8.3"
			},
			"engines": {
				"node": ">=14.0.0"
			},
			"peerDependencies": {
				"rollup": "^2.14.0||^3.0.0",
				"tslib": "*",
				"typescript": ">=3.7.0"
			},
			"peerDependenciesMeta": {
				"rollup": {
					"optional": true
				},
				"tslib": {
					"optional": true
				}
			}
		},
		"../../node_modules/.pnpm/@sveltejs+vite-plugin-svelte@2.4.2_svelte@4.2.0_vite@4.4.9/node_modules/@sveltejs/vite-plugin-svelte": {
			"version": "2.4.2",
			"license": "MIT",
			"dependencies": {
				"@sveltejs/vite-plugin-svelte-inspector": "^1.0.3",
				"debug": "^4.3.4",
				"deepmerge": "^4.3.1",
				"kleur": "^4.1.5",
				"magic-string": "^0.30.0",
				"svelte-hmr": "^0.15.2",
				"vitefu": "^0.2.4"
			},
			"devDependencies": {
				"@types/debug": "^4.1.8",
				"esbuild": "^0.18.6",
				"svelte": "^3.59.2",
				"vite": "^4.3.9"
			},
			"engines": {
				"node": "^14.18.0 || >= 16"
			},
			"peerDependencies": {
				"svelte": "^3.54.0 || ^4.0.0",
				"vite": "^4.0.0"
			}
		},
		"../../node_modules/.pnpm/coffeescript@2.7.0/node_modules/coffeescript": {
			"version": "2.7.0",
			"license": "MIT",
			"bin": {
				"cake": "bin/cake",
				"coffee": "bin/coffee"
			},
			"devDependencies": {
				"@babel/core": "~7.17.8",
				"@babel/preset-env": "~7.16.11",
				"babel-preset-minify": "~0.5.1",
				"codemirror": "~5.65.2",
				"docco": "~0.9.1",
				"highlight.js": "~11.5.0",
				"jison": "~0.4.18",
				"markdown-it": "~12.3.2",
				"puppeteer": "~13.5.2",
				"underscore": "~1.13.2",
				"webpack": "~5.71.0"
			},
			"engines": {
				"node": ">=6"
			}
		},
		"../../node_modules/.pnpm/css-tree@2.3.1/node_modules/css-tree": {
			"version": "2.3.1",
			"license": "MIT",
			"dependencies": {
				"mdn-data": "2.0.30",
				"source-map-js": "^1.0.1"
			},
			"devDependencies": {
				"c8": "^7.12.0",
				"clap": "^2.0.1",
				"esbuild": "^0.14.53",
				"eslint": "^8.4.1",
				"json-to-ast": "^2.1.0",
				"mocha": "^9.2.2",
				"rollup": "^2.68.0"
			},
			"engines": {
				"node": "^10 || ^12.20.0 || ^14.13.0 || >=15.0.0"
			}
		},
		"../../node_modules/.pnpm/esbuild@0.19.0/node_modules/esbuild": {
			"version": "0.19.0",
			"hasInstallScript": true,
			"license": "MIT",
			"bin": {
				"esbuild": "bin/esbuild"
			},
			"engines": {
				"node": ">=12"
			},
			"optionalDependencies": {
				"@esbuild/android-arm": "0.19.0",
				"@esbuild/android-arm64": "0.19.0",
				"@esbuild/android-x64": "0.19.0",
				"@esbuild/darwin-arm64": "0.19.0",
				"@esbuild/darwin-x64": "0.19.0",
				"@esbuild/freebsd-arm64": "0.19.0",
				"@esbuild/freebsd-x64": "0.19.0",
				"@esbuild/linux-arm": "0.19.0",
				"@esbuild/linux-arm64": "0.19.0",
				"@esbuild/linux-ia32": "0.19.0",
				"@esbuild/linux-loong64": "0.19.0",
				"@esbuild/linux-mips64el": "0.19.0",
				"@esbuild/linux-ppc64": "0.19.0",
				"@esbuild/linux-riscv64": "0.19.0",
				"@esbuild/linux-s390x": "0.19.0",
				"@esbuild/linux-x64": "0.19.0",
				"@esbuild/netbsd-x64": "0.19.0",
				"@esbuild/openbsd-x64": "0.19.0",
				"@esbuild/sunos-x64": "0.19.0",
				"@esbuild/win32-arm64": "0.19.0",
				"@esbuild/win32-ia32": "0.19.0",
				"@esbuild/win32-x64": "0.19.0"
			}
		},
		"../../node_modules/.pnpm/lightningcss@1.21.7/node_modules/lightningcss": {
			"version": "1.21.7",
			"license": "MPL-2.0",
			"dependencies": {
				"detect-libc": "^1.0.3"
			},
			"devDependencies": {
				"@babel/parser": "^7.21.4",
				"@babel/traverse": "^7.21.4",
				"@codemirror/lang-css": "^6.0.1",
				"@codemirror/lang-javascript": "^6.1.2",
				"@codemirror/lint": "^6.1.0",
				"@codemirror/theme-one-dark": "^6.1.0",
				"@mdn/browser-compat-data": "^5.2.49",
				"@napi-rs/cli": "^2.14.0",
				"autoprefixer": "^10.4.14",
				"codemirror": "^6.0.1",
				"cssnano": "^5.0.8",
				"esbuild": "^0.13.10",
				"flowgen": "^1.21.0",
				"jest-diff": "^27.4.2",
				"json-schema-to-typescript": "^11.0.2",
				"markdown-it-anchor": "^8.6.6",
				"markdown-it-prism": "^2.3.0",
				"markdown-it-table-of-contents": "^0.6.0",
				"napi-wasm": "^1.0.1",
				"node-fetch": "^3.1.0",
				"parcel": "^2.8.2",
				"patch-package": "^6.5.0",
				"path-browserify": "^1.0.1",
				"postcss": "^8.3.11",
				"posthtml-include": "^1.7.4",
				"posthtml-markdownit": "^1.3.1",
				"posthtml-prism": "^1.0.4",
				"process": "^0.11.10",
				"puppeteer": "^12.0.1",
				"recast": "^0.22.0",
				"sharp": "^0.31.1",
				"util": "^0.12.4",
				"uvu": "^0.5.6"
			},
			"engines": {
				"node": ">= 12.0.0"
			},
			"funding": {
				"type": "opencollective",
				"url": "https://opencollective.com/parcel"
			},
			"optionalDependencies": {
				"lightningcss-darwin-arm64": "1.21.7",
				"lightningcss-darwin-x64": "1.21.7",
				"lightningcss-freebsd-x64": "1.21.7",
				"lightningcss-linux-arm-gnueabihf": "1.21.7",
				"lightningcss-linux-arm64-gnu": "1.21.7",
				"lightningcss-linux-arm64-musl": "1.21.7",
				"lightningcss-linux-x64-gnu": "1.21.7",
				"lightningcss-linux-x64-musl": "1.21.7",
				"lightningcss-win32-x64-msvc": "1.21.7"
			}
		},
		"../../node_modules/.pnpm/pug@3.0.2/node_modules/pug": {
			"version": "3.0.2",
			"license": "MIT",
			"dependencies": {
				"pug-code-gen": "^3.0.2",
				"pug-filters": "^4.0.0",
				"pug-lexer": "^5.0.1",
				"pug-linker": "^4.0.0",
				"pug-load": "^3.0.0",
				"pug-parser": "^6.0.0",
				"pug-runtime": "^3.0.1",
				"pug-strip-comments": "^2.0.0"
			},
			"devDependencies": {
				"jstransformer-cdata": "^1.0.0",
				"jstransformer-coffee-script": "^1.0.0",
				"jstransformer-less": "^2.1.0",
				"jstransformer-markdown-it": "^2.0.0",
				"jstransformer-stylus": "^1.0.0",
				"jstransformer-uglify-js": "^1.1.1",
				"jstransformer-verbatim": "^1.0.0",
				"mkdirp": "^0.5.1",
				"rimraf": "^3.0.2",
				"uglify-js": "github:mishoo/UglifyJS2#1c15d0db456ce32f1b9b507aad97e5ee5c8285f7"
			}
		},
		"../../node_modules/.pnpm/rollup-plugin-ignore@1.0.10/node_modules/rollup-plugin-ignore": {
			"version": "1.0.10",
			"license": "MIT",
			"devDependencies": {
				"rollup": "^2.23.0"
			}
		},
		"../../node_modules/.pnpm/rollup@3.28.0/node_modules/rollup": {
			"version": "3.28.0",
			"dev": true,
			"license": "MIT",
			"bin": {
				"rollup": "dist/bin/rollup"
			},
			"devDependencies": {
				"@codemirror/commands": "^6.2.4",
				"@codemirror/lang-javascript": "^6.1.9",
				"@codemirror/language": "^6.8.0",
				"@codemirror/search": "^6.5.0",
				"@codemirror/state": "^6.2.1",
				"@codemirror/view": "^6.14.1",
				"@jridgewell/sourcemap-codec": "^1.4.15",
				"@mermaid-js/mermaid-cli": "^10.2.4",
				"@rollup/plugin-alias": "^5.0.0",
				"@rollup/plugin-buble": "^1.0.2",
				"@rollup/plugin-commonjs": "^25.0.3",
				"@rollup/plugin-json": "^6.0.0",
				"@rollup/plugin-node-resolve": "^15.1.0",
				"@rollup/plugin-replace": "^5.0.2",
				"@rollup/plugin-terser": "^0.4.3",
				"@rollup/plugin-typescript": "^11.1.2",
				"@rollup/pluginutils": "^5.0.2",
				"@types/estree": "1.0.1",
				"@types/mocha": "^10.0.1",
				"@types/node": "~14.18.54",
				"@types/yargs-parser": "^21.0.0",
				"@typescript-eslint/eslint-plugin": "^6.2.0",
				"@typescript-eslint/parser": "^6.2.0",
				"@vue/eslint-config-prettier": "^8.0.0",
				"@vue/eslint-config-typescript": "^11.0.3",
				"acorn": "^8.10.0",
				"acorn-import-assertions": "^1.9.0",
				"acorn-jsx": "^5.3.2",
				"acorn-walk": "^8.2.0",
				"buble": "^0.20.0",
				"builtin-modules": "^3.3.0",
				"chokidar": "^3.5.3",
				"colorette": "^2.0.20",
				"concurrently": "^8.2.0",
				"core-js": "^3.31.1",
				"date-time": "^4.0.0",
				"es5-shim": "^4.6.7",
				"es6-shim": "^0.35.8",
				"eslint": "^8.45.0",
				"eslint-config-prettier": "^8.8.0",
				"eslint-plugin-import": "^2.27.5",
				"eslint-plugin-prettier": "^5.0.0",
				"eslint-plugin-unicorn": "^48.0.0",
				"eslint-plugin-vue": "^9.15.1",
				"fixturify": "^3.0.0",
				"flru": "^1.0.2",
				"fs-extra": "^11.1.1",
				"github-api": "^3.4.0",
				"hash.js": "^1.1.7",
				"husky": "^8.0.3",
				"inquirer": "^9.2.8",
				"is-reference": "^3.0.1",
				"lint-staged": "^13.2.3",
				"locate-character": "^3.0.0",
				"magic-string": "^0.30.1",
				"mocha": "^10.2.0",
				"nyc": "^15.1.0",
				"pinia": "^2.1.4",
				"prettier": "^3.0.0",
				"pretty-bytes": "^6.1.1",
				"pretty-ms": "^8.0.0",
				"requirejs": "^2.3.6",
				"rollup": "^3.26.3",
				"rollup-plugin-license": "^3.0.1",
				"rollup-plugin-string": "^3.0.0",
				"rollup-plugin-thatworks": "^1.0.4",
				"semver": "^7.5.4",
				"shx": "^0.3.4",
				"signal-exit": "^4.0.2",
				"source-map": "^0.7.4",
				"source-map-support": "^0.5.21",
				"systemjs": "^6.14.1",
				"terser": "^5.19.2",
				"tslib": "^2.6.1",
				"typescript": "^5.1.6",
				"vite": "^4.4.7",
				"vitepress": "^1.0.0-beta.6",
				"vue": "^3.3.4",
				"weak-napi": "^2.0.2",
				"yargs-parser": "^21.1.1"
			},
			"engines": {
				"node": ">=14.18.0",
				"npm": ">=8.0.0"
			},
			"optionalDependencies": {
				"fsevents": "~2.3.2"
			}
		},
		"../../node_modules/.pnpm/sass@1.66.1/node_modules/sass": {
			"version": "1.66.1",
			"license": "MIT",
			"dependencies": {
				"chokidar": ">=3.0.0 <4.0.0",
				"immutable": "^4.0.0",
				"source-map-js": ">=0.6.2 <2.0.0"
			},
			"bin": {
				"sass": "sass.js"
			},
			"engines": {
				"node": ">=14.0.0"
			}
		},
		"../../node_modules/.pnpm/stylus@0.60.0/node_modules/stylus": {
			"version": "0.60.0",
			"license": "MIT",
			"dependencies": {
				"@adobe/css-tools": "~4.2.0",
				"debug": "^4.3.2",
				"glob": "^7.1.6",
				"sax": "~1.2.4",
				"source-map": "^0.7.3"
			},
			"bin": {
				"stylus": "bin/stylus"
			},
			"devDependencies": {
				"chai": "^4.3.6",
				"mocha": "^9.2.0"
			},
			"engines": {
				"node": "*"
			},
			"funding": {
				"url": "https://opencollective.com/stylus"
			}
		},
		"../../node_modules/.pnpm/sucrase@3.34.0/node_modules/sucrase": {
			"version": "3.34.0",
			"license": "MIT",
			"dependencies": {
				"@jridgewell/gen-mapping": "^0.3.2",
				"commander": "^4.0.0",
				"glob": "7.1.6",
				"lines-and-columns": "^1.1.6",
				"mz": "^2.7.0",
				"pirates": "^4.0.1",
				"ts-interface-checker": "^0.1.9"
			},
			"bin": {
				"sucrase": "bin/sucrase",
				"sucrase-node": "bin/sucrase-node"
			},
			"devDependencies": {
				"@babel/core": "^7.22.5",
				"@jridgewell/trace-mapping": "^0.3.18",
				"@types/glob": "^7",
				"@types/mocha": "^9.1.1",
				"@types/mz": "^2.7.4",
				"@types/node": "^20.3.2",
				"@typescript-eslint/eslint-plugin": "^5.60.1",
				"@typescript-eslint/parser": "^5.60.1",
				"chalk": "^4",
				"codecov": "^3.8.3",
				"eslint": "^8.43.0",
				"eslint-config-airbnb-base": "^15.0.0",
				"eslint-config-prettier": "^8.8.0",
				"eslint-plugin-import": "~2.26",
				"eslint-plugin-prettier": "^4.2.1",
				"mocha": "^10.2.0",
				"nyc": "^15.1.0",
				"prettier": "^2.8.8",
				"sucrase": "^3.33.0",
				"test262-harness": "^10.0.0",
				"ts-interface-builder": "^0.3.3",
				"typescript": "~5.0"
			},
			"engines": {
				"node": ">=8"
			}
		},
		"../../node_modules/.pnpm/sugarss@4.0.1_postcss@8.4.27/node_modules/sugarss": {
			"version": "4.0.1",
			"license": "MIT",
			"engines": {
				"node": ">=12.0"
			},
			"funding": {
				"type": "opencollective",
				"url": "https://opencollective.com/postcss/"
			},
			"peerDependencies": {
				"postcss": "^8.3.3"
			}
		},
		"../../node_modules/.pnpm/svelte-hmr@0.15.3_svelte@4.2.0/node_modules/svelte-hmr": {
			"version": "0.15.3",
			"dev": true,
			"license": "ISC",
			"devDependencies": {
				"dotenv": "^10.0.0",
				"prettier": "^1.19.1",
				"svelte": "^3.59.2",
				"tap-mocha-reporter": "^5.0.3",
				"zoar": "^0.3.0",
				"zorax": "^0.0.14"
			},
			"engines": {
				"node": "^12.20 || ^14.13.1 || >= 16"
			},
			"peerDependencies": {
				"svelte": "^3.19.0 || ^4.0.0"
			}
		},
		"../../node_modules/.pnpm/svelte@4.2.0/node_modules/svelte": {
			"version": "4.2.0",
			"license": "MIT",
			"dependencies": {
				"@ampproject/remapping": "^2.2.1",
				"@jridgewell/sourcemap-codec": "^1.4.15",
				"@jridgewell/trace-mapping": "^0.3.18",
				"acorn": "^8.9.0",
				"aria-query": "^5.3.0",
				"axobject-query": "^3.2.1",
				"code-red": "^1.0.3",
				"css-tree": "^2.3.1",
				"estree-walker": "^3.0.3",
				"is-reference": "^3.0.1",
				"locate-character": "^3.0.0",
				"magic-string": "^0.30.0",
				"periscopic": "^3.1.0"
			},
			"devDependencies": {
				"@playwright/test": "^1.35.1",
				"@rollup/plugin-commonjs": "^24.1.0",
				"@rollup/plugin-json": "^6.0.0",
				"@rollup/plugin-node-resolve": "^15.1.0",
				"@sveltejs/eslint-config": "^6.0.4",
				"@types/aria-query": "^5.0.1",
				"@types/estree": "^1.0.1",
				"@types/node": "^14.18.51",
				"agadoo": "^3.0.0",
				"dts-buddy": "^0.1.7",
				"esbuild": "^0.18.11",
				"happy-dom": "^9.20.3",
				"jsdom": "^21.1.2",
				"kleur": "^4.1.5",
				"rollup": "^3.26.2",
				"source-map": "^0.7.4",
				"tiny-glob": "^0.2.9",
				"typescript": "^5.1.3",
				"vitest": "^0.33.0"
			},
			"engines": {
				"node": ">=16"
			}
		},
		"../../node_modules/.pnpm/vite@4.4.9_@types+node@20.3.1_less@4.1.3_lightningcss@1.21.7_sass@1.66.1_stylus@0.60.0_sugarss@4.0.1/node_modules/vite": {
			"version": "4.4.9",
			"dev": true,
			"license": "MIT",
			"dependencies": {
				"esbuild": "^0.18.10",
				"postcss": "^8.4.27",
				"rollup": "^3.27.1"
			},
			"bin": {
				"vite": "bin/vite.js"
			},
			"devDependencies": {
				"@ampproject/remapping": "^2.2.1",
				"@babel/parser": "^7.22.7",
				"@babel/types": "^7.22.5",
				"@jridgewell/trace-mapping": "^0.3.18",
				"@rollup/plugin-alias": "^4.0.4",
				"@rollup/plugin-commonjs": "^25.0.3",
				"@rollup/plugin-dynamic-import-vars": "^2.0.4",
				"@rollup/plugin-json": "^6.0.0",
				"@rollup/plugin-node-resolve": "15.1.0",
				"@rollup/plugin-typescript": "^11.1.2",
				"@rollup/pluginutils": "^5.0.2",
				"@types/escape-html": "^1.0.2",
				"@types/pnpapi": "^0.0.2",
				"acorn": "^8.10.0",
				"acorn-walk": "^8.2.0",
				"cac": "^6.7.14",
				"chokidar": "^3.5.3",
				"connect": "^3.7.0",
				"connect-history-api-fallback": "^2.0.0",
				"convert-source-map": "^2.0.0",
				"cors": "^2.8.5",
				"cross-spawn": "^7.0.3",
				"debug": "^4.3.4",
				"dep-types": "link:./src/types",
				"dotenv": "^16.3.1",
				"dotenv-expand": "^9.0.0",
				"es-module-lexer": "^1.3.0",
				"escape-html": "^1.0.3",
				"estree-walker": "^3.0.3",
				"etag": "^1.8.1",
				"fast-glob": "^3.3.1",
				"http-proxy": "^1.18.1",
				"json-stable-stringify": "^1.0.2",
				"launch-editor-middleware": "^2.6.0",
				"lightningcss": "^1.21.5",
				"magic-string": "^0.30.2",
				"micromatch": "^4.0.5",
				"mlly": "^1.4.0",
				"mrmime": "^1.0.1",
				"okie": "^1.0.1",
				"open": "^8.4.2",
				"parse5": "^7.1.2",
				"periscopic": "^3.1.0",
				"picocolors": "^1.0.0",
				"picomatch": "^2.3.1",
				"postcss-import": "^15.1.0",
				"postcss-load-config": "^4.0.1",
				"postcss-modules": "^6.0.0",
				"resolve.exports": "^2.0.2",
				"rollup-plugin-license": "^3.0.1",
				"sirv": "^2.0.3",
				"source-map-support": "^0.5.21",
				"strip-ansi": "^7.1.0",
				"strip-literal": "^1.3.0",
				"tsconfck": "^2.1.2",
				"tslib": "^2.6.1",
				"types": "link:./types",
				"ufo": "^1.2.0",
				"ws": "^8.13.0"
			},
			"engines": {
				"node": "^14.18.0 || >=16.0.0"
			},
			"funding": {
				"url": "https://github.com/vitejs/vite?sponsor=1"
			},
			"optionalDependencies": {
				"fsevents": "~2.3.2"
			},
			"peerDependencies": {
				"@types/node": ">= 14",
				"less": "*",
				"lightningcss": "^1.21.0",
				"sass": "*",
				"stylus": "*",
				"sugarss": "*",
				"terser": "^5.4.0"
			},
			"peerDependenciesMeta": {
				"@types/node": {
					"optional": true
				},
				"less": {
					"optional": true
				},
				"lightningcss": {
					"optional": true
				},
				"sass": {
					"optional": true
				},
				"stylus": {
					"optional": true
				},
				"sugarss": {
					"optional": true
				},
				"terser": {
					"optional": true
				}
			}
		},
		"../../node_modules/.pnpm/yootils@0.3.1/node_modules/yootils": {
			"version": "0.3.1",
			"license": "MIT",
			"devDependencies": {
				"agadoo": "^2.0.0",
				"esbuild": "^0.12.8",
				"prettier": "^2.3.1",
				"typescript": "^4.3.2",
				"uvu": "^0.5.1"
			}
		},
		"node_modules/@originjs/vite-plugin-commonjs": {
			"resolved": "../../node_modules/.pnpm/@originjs+vite-plugin-commonjs@1.0.3/node_modules/@originjs/vite-plugin-commonjs",
			"link": true
		},
		"node_modules/@rollup/plugin-commonjs": {
			"resolved": "../../node_modules/.pnpm/@rollup+plugin-commonjs@25.0.4_rollup@3.28.0/node_modules/@rollup/plugin-commonjs",
			"link": true
		},
		"node_modules/@rollup/plugin-json": {
			"resolved": "../../node_modules/.pnpm/@rollup+plugin-json@6.0.0_rollup@3.28.0/node_modules/@rollup/plugin-json",
			"link": true
		},
		"node_modules/@rollup/plugin-node-resolve": {
			"resolved": "../../node_modules/.pnpm/@rollup+plugin-node-resolve@15.1.0_rollup@3.28.0/node_modules/@rollup/plugin-node-resolve",
			"link": true
		},
		"node_modules/@rollup/plugin-sucrase": {
			"resolved": "../../node_modules/.pnpm/@rollup+plugin-sucrase@5.0.1_rollup@3.28.0/node_modules/@rollup/plugin-sucrase",
			"link": true
		},
		"node_modules/@rollup/plugin-typescript": {
			"resolved": "../../node_modules/.pnpm/@rollup+plugin-typescript@11.1.2_rollup@3.28.0_typescript@5.1.3/node_modules/@rollup/plugin-typescript",
			"link": true
		},
		"node_modules/@sveltejs/vite-plugin-svelte": {
			"resolved": "../../node_modules/.pnpm/@sveltejs+vite-plugin-svelte@2.4.2_svelte@4.2.0_vite@4.4.9/node_modules/@sveltejs/vite-plugin-svelte",
			"link": true
		},
		"node_modules/coffeescript": {
			"resolved": "../../node_modules/.pnpm/coffeescript@2.7.0/node_modules/coffeescript",
			"link": true
		},
		"node_modules/css-tree": {
			"resolved": "../../node_modules/.pnpm/css-tree@2.3.1/node_modules/css-tree",
			"link": true
		},
		"node_modules/esbuild": {
			"resolved": "../../node_modules/.pnpm/esbuild@0.19.0/node_modules/esbuild",
			"link": true
		},
		"node_modules/lightningcss": {
			"resolved": "../../node_modules/.pnpm/lightningcss@1.21.7/node_modules/lightningcss",
			"link": true
		},
		"node_modules/pug": {
			"resolved": "../../node_modules/.pnpm/pug@3.0.2/node_modules/pug",
			"link": true
		},
		"node_modules/rollup": {
			"resolved": "../../node_modules/.pnpm/rollup@3.28.0/node_modules/rollup",
			"link": true
		},
		"node_modules/rollup-plugin-ignore": {
			"resolved": "../../node_modules/.pnpm/rollup-plugin-ignore@1.0.10/node_modules/rollup-plugin-ignore",
			"link": true
		},
		"node_modules/sass": {
			"resolved": "../../node_modules/.pnpm/sass@1.66.1/node_modules/sass",
			"link": true
		},
		"node_modules/stylus": {
			"resolved": "../../node_modules/.pnpm/stylus@0.60.0/node_modules/stylus",
			"link": true
		},
		"node_modules/sucrase": {
			"resolved": "../../node_modules/.pnpm/sucrase@3.34.0/node_modules/sucrase",
			"link": true
		},
		"node_modules/sugarss": {
			"resolved": "../../node_modules/.pnpm/sugarss@4.0.1_postcss@8.4.27/node_modules/sugarss",
			"link": true
		},
		"node_modules/svelte": {
			"resolved": "../../node_modules/.pnpm/svelte@4.2.0/node_modules/svelte",
			"link": true
		},
		"node_modules/svelte-hmr": {
			"resolved": "../../node_modules/.pnpm/svelte-hmr@0.15.3_svelte@4.2.0/node_modules/svelte-hmr",
			"link": true
		},
		"node_modules/vite": {
			"resolved": "../../node_modules/.pnpm/vite@4.4.9_@types+node@20.3.1_less@4.1.3_lightningcss@1.21.7_sass@1.66.1_stylus@0.60.0_sugarss@4.0.1/node_modules/vite",
			"link": true
		},
		"node_modules/yootils": {
			"resolved": "../../node_modules/.pnpm/yootils@0.3.1/node_modules/yootils",
			"link": true
		}
	},
	"dependencies": {
		"@originjs/vite-plugin-commonjs": {
			"version": "file:../../node_modules/.pnpm/@originjs+vite-plugin-commonjs@1.0.3/node_modules/@originjs/vite-plugin-commonjs",
			"requires": {
				"@types/node": "^15.12.2",
				"esbuild": "^0.14.14",
				"typescript": "^4.3.2",
				"vite": "^2.3.6"
			}
		},
		"@rollup/plugin-commonjs": {
			"version": "file:../../node_modules/.pnpm/@rollup+plugin-commonjs@25.0.4_rollup@3.28.0/node_modules/@rollup/plugin-commonjs",
			"requires": {
				"@rollup/plugin-json": "^5.0.0",
				"@rollup/plugin-node-resolve": "^15.0.0",
				"@rollup/pluginutils": "^5.0.1",
				"commondir": "^1.0.1",
				"estree-walker": "^2.0.2",
				"glob": "^8.0.3",
				"is-reference": "1.2.1",
				"locate-character": "^2.0.5",
				"magic-string": "^0.27.0",
				"require-relative": "^0.8.7",
				"rollup": "^3.19.0",
				"shx": "^0.3.4",
				"source-map": "^0.7.4",
				"source-map-support": "^0.5.21",
				"typescript": "^4.8.3"
			}
		},
		"@rollup/plugin-json": {
			"version": "file:../../node_modules/.pnpm/@rollup+plugin-json@6.0.0_rollup@3.28.0/node_modules/@rollup/plugin-json",
			"requires": {
				"@rollup/plugin-buble": "^1.0.0",
				"@rollup/plugin-node-resolve": "^15.0.0",
				"@rollup/pluginutils": "^5.0.1",
				"rollup": "^3.2.3",
				"source-map-support": "^0.5.21"
			}
		},
		"@rollup/plugin-node-resolve": {
			"version": "file:../../node_modules/.pnpm/@rollup+plugin-node-resolve@15.1.0_rollup@3.28.0/node_modules/@rollup/plugin-node-resolve",
			"requires": {
				"@babel/core": "^7.19.1",
				"@babel/plugin-transform-typescript": "^7.10.5",
				"@rollup/plugin-babel": "^6.0.0",
				"@rollup/plugin-commonjs": "^23.0.0",
				"@rollup/plugin-json": "^5.0.0",
				"@rollup/pluginutils": "^5.0.1",
				"@types/resolve": "1.20.2",
				"deepmerge": "^4.2.2",
				"es5-ext": "^0.10.62",
				"is-builtin-module": "^3.2.1",
				"is-module": "^1.0.0",
				"resolve": "^1.22.1",
				"rollup": "^3.2.3",
				"source-map": "^0.7.4",
				"string-capitalize": "^1.0.1"
			}
		},
		"@rollup/plugin-sucrase": {
			"version": "file:../../node_modules/.pnpm/@rollup+plugin-sucrase@5.0.1_rollup@3.28.0/node_modules/@rollup/plugin-sucrase",
			"requires": {
				"@rollup/plugin-alias": "^4.0.0",
				"@rollup/pluginutils": "^5.0.1",
				"rollup": "^3.2.3",
				"sucrase": "^3.27.0"
			}
		},
		"@rollup/plugin-typescript": {
			"version": "file:../../node_modules/.pnpm/@rollup+plugin-typescript@11.1.2_rollup@3.28.0_typescript@5.1.3/node_modules/@rollup/plugin-typescript",
			"requires": {
				"@rollup/plugin-buble": "^1.0.0",
				"@rollup/plugin-commonjs": "^23.0.0",
				"@rollup/pluginutils": "^5.0.1",
				"@types/node": "^14.18.30",
				"@types/resolve": "^1.20.2",
				"buble": "^0.20.0",
				"resolve": "^1.22.1",
				"rollup": "^3.2.3",
				"typescript": "^4.8.3"
			}
		},
		"@sveltejs/vite-plugin-svelte": {
			"version": "file:../../node_modules/.pnpm/@sveltejs+vite-plugin-svelte@2.4.2_svelte@4.2.0_vite@4.4.9/node_modules/@sveltejs/vite-plugin-svelte",
			"requires": {
				"@sveltejs/vite-plugin-svelte-inspector": "^1.0.3",
				"@types/debug": "^4.1.8",
				"debug": "^4.3.4",
				"deepmerge": "^4.3.1",
				"esbuild": "^0.18.6",
				"kleur": "^4.1.5",
				"magic-string": "^0.30.0",
				"svelte": "^3.59.2",
				"svelte-hmr": "^0.15.2",
				"vite": "^4.3.9",
				"vitefu": "^0.2.4"
			}
		},
		"coffeescript": {
			"version": "file:../../node_modules/.pnpm/coffeescript@2.7.0/node_modules/coffeescript",
			"requires": {
				"@babel/core": "~7.17.8",
				"@babel/preset-env": "~7.16.11",
				"babel-preset-minify": "~0.5.1",
				"codemirror": "~5.65.2",
				"docco": "~0.9.1",
				"highlight.js": "~11.5.0",
				"jison": "~0.4.18",
				"markdown-it": "~12.3.2",
				"puppeteer": "~13.5.2",
				"underscore": "~1.13.2",
				"webpack": "~5.71.0"
			}
		},
		"css-tree": {
			"version": "file:../../node_modules/.pnpm/css-tree@2.3.1/node_modules/css-tree",
			"requires": {
				"c8": "^7.12.0",
				"clap": "^2.0.1",
				"esbuild": "^0.14.53",
				"eslint": "^8.4.1",
				"json-to-ast": "^2.1.0",
				"mdn-data": "2.0.30",
				"mocha": "^9.2.2",
				"rollup": "^2.68.0",
				"source-map-js": "^1.0.1"
			}
		},
		"esbuild": {
			"version": "file:../../node_modules/.pnpm/esbuild@0.19.0/node_modules/esbuild",
			"requires": {
				"@esbuild/android-arm": "0.19.0",
				"@esbuild/android-arm64": "0.19.0",
				"@esbuild/android-x64": "0.19.0",
				"@esbuild/darwin-arm64": "0.19.0",
				"@esbuild/darwin-x64": "0.19.0",
				"@esbuild/freebsd-arm64": "0.19.0",
				"@esbuild/freebsd-x64": "0.19.0",
				"@esbuild/linux-arm": "0.19.0",
				"@esbuild/linux-arm64": "0.19.0",
				"@esbuild/linux-ia32": "0.19.0",
				"@esbuild/linux-loong64": "0.19.0",
				"@esbuild/linux-mips64el": "0.19.0",
				"@esbuild/linux-ppc64": "0.19.0",
				"@esbuild/linux-riscv64": "0.19.0",
				"@esbuild/linux-s390x": "0.19.0",
				"@esbuild/linux-x64": "0.19.0",
				"@esbuild/netbsd-x64": "0.19.0",
				"@esbuild/openbsd-x64": "0.19.0",
				"@esbuild/sunos-x64": "0.19.0",
				"@esbuild/win32-arm64": "0.19.0",
				"@esbuild/win32-ia32": "0.19.0",
				"@esbuild/win32-x64": "0.19.0"
			}
		},
		"lightningcss": {
			"version": "file:../../node_modules/.pnpm/lightningcss@1.21.7/node_modules/lightningcss",
			"requires": {
				"@babel/parser": "^7.21.4",
				"@babel/traverse": "^7.21.4",
				"@codemirror/lang-css": "^6.0.1",
				"@codemirror/lang-javascript": "^6.1.2",
				"@codemirror/lint": "^6.1.0",
				"@codemirror/theme-one-dark": "^6.1.0",
				"@mdn/browser-compat-data": "^5.2.49",
				"@napi-rs/cli": "^2.14.0",
				"autoprefixer": "^10.4.14",
				"codemirror": "^6.0.1",
				"cssnano": "^5.0.8",
				"detect-libc": "^1.0.3",
				"esbuild": "^0.13.10",
				"flowgen": "^1.21.0",
				"jest-diff": "^27.4.2",
				"json-schema-to-typescript": "^11.0.2",
				"lightningcss-darwin-arm64": "1.21.7",
				"lightningcss-darwin-x64": "1.21.7",
				"lightningcss-freebsd-x64": "1.21.7",
				"lightningcss-linux-arm-gnueabihf": "1.21.7",
				"lightningcss-linux-arm64-gnu": "1.21.7",
				"lightningcss-linux-arm64-musl": "1.21.7",
				"lightningcss-linux-x64-gnu": "1.21.7",
				"lightningcss-linux-x64-musl": "1.21.7",
				"lightningcss-win32-x64-msvc": "1.21.7",
				"markdown-it-anchor": "^8.6.6",
				"markdown-it-prism": "^2.3.0",
				"markdown-it-table-of-contents": "^0.6.0",
				"napi-wasm": "^1.0.1",
				"node-fetch": "^3.1.0",
				"parcel": "^2.8.2",
				"patch-package": "^6.5.0",
				"path-browserify": "^1.0.1",
				"postcss": "^8.3.11",
				"posthtml-include": "^1.7.4",
				"posthtml-markdownit": "^1.3.1",
				"posthtml-prism": "^1.0.4",
				"process": "^0.11.10",
				"puppeteer": "^12.0.1",
				"recast": "^0.22.0",
				"sharp": "^0.31.1",
				"util": "^0.12.4",
				"uvu": "^0.5.6"
			}
		},
		"pug": {
			"version": "file:../../node_modules/.pnpm/pug@3.0.2/node_modules/pug",
			"requires": {
				"jstransformer-cdata": "^1.0.0",
				"jstransformer-coffee-script": "^1.0.0",
				"jstransformer-less": "^2.1.0",
				"jstransformer-markdown-it": "^2.0.0",
				"jstransformer-stylus": "^1.0.0",
				"jstransformer-uglify-js": "^1.1.1",
				"jstransformer-verbatim": "^1.0.0",
				"mkdirp": "^0.5.1",
				"pug-code-gen": "^3.0.2",
				"pug-filters": "^4.0.0",
				"pug-lexer": "^5.0.1",
				"pug-linker": "^4.0.0",
				"pug-load": "^3.0.0",
				"pug-parser": "^6.0.0",
				"pug-runtime": "^3.0.1",
				"pug-strip-comments": "^2.0.0",
				"rimraf": "^3.0.2",
				"uglify-js": "github:mishoo/UglifyJS2#1c15d0db456ce32f1b9b507aad97e5ee5c8285f7"
			}
		},
		"rollup": {
			"version": "file:../../node_modules/.pnpm/rollup@3.28.0/node_modules/rollup",
			"requires": {
				"@codemirror/commands": "^6.2.4",
				"@codemirror/lang-javascript": "^6.1.9",
				"@codemirror/language": "^6.8.0",
				"@codemirror/search": "^6.5.0",
				"@codemirror/state": "^6.2.1",
				"@codemirror/view": "^6.14.1",
				"@jridgewell/sourcemap-codec": "^1.4.15",
				"@mermaid-js/mermaid-cli": "^10.2.4",
				"@rollup/plugin-alias": "^5.0.0",
				"@rollup/plugin-buble": "^1.0.2",
				"@rollup/plugin-commonjs": "^25.0.3",
				"@rollup/plugin-json": "^6.0.0",
				"@rollup/plugin-node-resolve": "^15.1.0",
				"@rollup/plugin-replace": "^5.0.2",
				"@rollup/plugin-terser": "^0.4.3",
				"@rollup/plugin-typescript": "^11.1.2",
				"@rollup/pluginutils": "^5.0.2",
				"@types/estree": "1.0.1",
				"@types/mocha": "^10.0.1",
				"@types/node": "~14.18.54",
				"@types/yargs-parser": "^21.0.0",
				"@typescript-eslint/eslint-plugin": "^6.2.0",
				"@typescript-eslint/parser": "^6.2.0",
				"@vue/eslint-config-prettier": "^8.0.0",
				"@vue/eslint-config-typescript": "^11.0.3",
				"acorn": "^8.10.0",
				"acorn-import-assertions": "^1.9.0",
				"acorn-jsx": "^5.3.2",
				"acorn-walk": "^8.2.0",
				"buble": "^0.20.0",
				"builtin-modules": "^3.3.0",
				"chokidar": "^3.5.3",
				"colorette": "^2.0.20",
				"concurrently": "^8.2.0",
				"core-js": "^3.31.1",
				"date-time": "^4.0.0",
				"es5-shim": "^4.6.7",
				"es6-shim": "^0.35.8",
				"eslint": "^8.45.0",
				"eslint-config-prettier": "^8.8.0",
				"eslint-plugin-import": "^2.27.5",
				"eslint-plugin-prettier": "^5.0.0",
				"eslint-plugin-unicorn": "^48.0.0",
				"eslint-plugin-vue": "^9.15.1",
				"fixturify": "^3.0.0",
				"flru": "^1.0.2",
				"fs-extra": "^11.1.1",
				"fsevents": "~2.3.2",
				"github-api": "^3.4.0",
				"hash.js": "^1.1.7",
				"husky": "^8.0.3",
				"inquirer": "^9.2.8",
				"is-reference": "^3.0.1",
				"lint-staged": "^13.2.3",
				"locate-character": "^3.0.0",
				"magic-string": "^0.30.1",
				"mocha": "^10.2.0",
				"nyc": "^15.1.0",
				"pinia": "^2.1.4",
				"prettier": "^3.0.0",
				"pretty-bytes": "^6.1.1",
				"pretty-ms": "^8.0.0",
				"requirejs": "^2.3.6",
				"rollup": "^3.26.3",
				"rollup-plugin-license": "^3.0.1",
				"rollup-plugin-string": "^3.0.0",
				"rollup-plugin-thatworks": "^1.0.4",
				"semver": "^7.5.4",
				"shx": "^0.3.4",
				"signal-exit": "^4.0.2",
				"source-map": "^0.7.4",
				"source-map-support": "^0.5.21",
				"systemjs": "^6.14.1",
				"terser": "^5.19.2",
				"tslib": "^2.6.1",
				"typescript": "^5.1.6",
				"vite": "^4.4.7",
				"vitepress": "^1.0.0-beta.6",
				"vue": "^3.3.4",
				"weak-napi": "^2.0.2",
				"yargs-parser": "^21.1.1"
			}
		},
		"rollup-plugin-ignore": {
			"version": "file:../../node_modules/.pnpm/rollup-plugin-ignore@1.0.10/node_modules/rollup-plugin-ignore",
			"requires": {
				"rollup": "^2.23.0"
			}
		},
		"sass": {
			"version": "file:../../node_modules/.pnpm/sass@1.66.1/node_modules/sass",
			"requires": {
				"chokidar": ">=3.0.0 <4.0.0",
				"immutable": "^4.0.0",
				"source-map-js": ">=0.6.2 <2.0.0"
			}
		},
		"stylus": {
			"version": "file:../../node_modules/.pnpm/stylus@0.60.0/node_modules/stylus",
			"requires": {
				"@adobe/css-tools": "~4.2.0",
				"chai": "^4.3.6",
				"debug": "^4.3.2",
				"glob": "^7.1.6",
				"mocha": "^9.2.0",
				"sax": "~1.2.4",
				"source-map": "^0.7.3"
			}
		},
		"sucrase": {
			"version": "file:../../node_modules/.pnpm/sucrase@3.34.0/node_modules/sucrase",
			"requires": {
				"@babel/core": "^7.22.5",
				"@jridgewell/gen-mapping": "^0.3.2",
				"@jridgewell/trace-mapping": "^0.3.18",
				"@types/glob": "^7",
				"@types/mocha": "^9.1.1",
				"@types/mz": "^2.7.4",
				"@types/node": "^20.3.2",
				"@typescript-eslint/eslint-plugin": "^5.60.1",
				"@typescript-eslint/parser": "^5.60.1",
				"chalk": "^4",
				"codecov": "^3.8.3",
				"commander": "^4.0.0",
				"eslint": "^8.43.0",
				"eslint-config-airbnb-base": "^15.0.0",
				"eslint-config-prettier": "^8.8.0",
				"eslint-plugin-import": "~2.26",
				"eslint-plugin-prettier": "^4.2.1",
				"glob": "7.1.6",
				"lines-and-columns": "^1.1.6",
				"mocha": "^10.2.0",
				"mz": "^2.7.0",
				"nyc": "^15.1.0",
				"pirates": "^4.0.1",
				"prettier": "^2.8.8",
				"sucrase": "^3.33.0",
				"test262-harness": "^10.0.0",
				"ts-interface-builder": "^0.3.3",
				"ts-interface-checker": "^0.1.9",
				"typescript": "~5.0"
			}
		},
		"sugarss": {
			"version": "file:../../node_modules/.pnpm/sugarss@4.0.1_postcss@8.4.27/node_modules/sugarss",
			"requires": {}
		},
		"svelte": {
			"version": "file:../../node_modules/.pnpm/svelte@4.2.0/node_modules/svelte",
			"requires": {
				"@ampproject/remapping": "^2.2.1",
				"@jridgewell/sourcemap-codec": "^1.4.15",
				"@jridgewell/trace-mapping": "^0.3.18",
				"@playwright/test": "^1.35.1",
				"@rollup/plugin-commonjs": "^24.1.0",
				"@rollup/plugin-json": "^6.0.0",
				"@rollup/plugin-node-resolve": "^15.1.0",
				"@sveltejs/eslint-config": "^6.0.4",
				"@types/aria-query": "^5.0.1",
				"@types/estree": "^1.0.1",
				"@types/node": "^14.18.51",
				"acorn": "^8.9.0",
				"agadoo": "^3.0.0",
				"aria-query": "^5.3.0",
				"axobject-query": "^3.2.1",
				"code-red": "^1.0.3",
				"css-tree": "^2.3.1",
				"dts-buddy": "^0.1.7",
				"esbuild": "^0.18.11",
				"estree-walker": "^3.0.3",
				"happy-dom": "^9.20.3",
				"is-reference": "^3.0.1",
				"jsdom": "^21.1.2",
				"kleur": "^4.1.5",
				"locate-character": "^3.0.0",
				"magic-string": "^0.30.0",
				"periscopic": "^3.1.0",
				"rollup": "^3.26.2",
				"source-map": "^0.7.4",
				"tiny-glob": "^0.2.9",
				"typescript": "^5.1.3",
				"vitest": "^0.33.0"
			}
		},
		"svelte-hmr": {
			"version": "file:../../node_modules/.pnpm/svelte-hmr@0.15.3_svelte@4.2.0/node_modules/svelte-hmr",
			"requires": {
				"dotenv": "^10.0.0",
				"prettier": "^1.19.1",
				"svelte": "^3.59.2",
				"tap-mocha-reporter": "^5.0.3",
				"zoar": "^0.3.0",
				"zorax": "^0.0.14"
			}
		},
		"vite": {
			"version": "file:../../node_modules/.pnpm/vite@4.4.9_@types+node@20.3.1_less@4.1.3_lightningcss@1.21.7_sass@1.66.1_stylus@0.60.0_sugarss@4.0.1/node_modules/vite",
			"requires": {
				"@ampproject/remapping": "^2.2.1",
				"@babel/parser": "^7.22.7",
				"@babel/types": "^7.22.5",
				"@jridgewell/trace-mapping": "^0.3.18",
				"@rollup/plugin-alias": "^4.0.4",
				"@rollup/plugin-commonjs": "^25.0.3",
				"@rollup/plugin-dynamic-import-vars": "^2.0.4",
				"@rollup/plugin-json": "^6.0.0",
				"@rollup/plugin-node-resolve": "15.1.0",
				"@rollup/plugin-typescript": "^11.1.2",
				"@rollup/pluginutils": "^5.0.2",
				"@types/escape-html": "^1.0.2",
				"@types/pnpapi": "^0.0.2",
				"acorn": "^8.10.0",
				"acorn-walk": "^8.2.0",
				"cac": "^6.7.14",
				"chokidar": "^3.5.3",
				"connect": "^3.7.0",
				"connect-history-api-fallback": "^2.0.0",
				"convert-source-map": "^2.0.0",
				"cors": "^2.8.5",
				"cross-spawn": "^7.0.3",
				"debug": "^4.3.4",
				"dep-types": "link:./src/types",
				"dotenv": "^16.3.1",
				"dotenv-expand": "^9.0.0",
				"es-module-lexer": "^1.3.0",
				"esbuild": "^0.18.10",
				"escape-html": "^1.0.3",
				"estree-walker": "^3.0.3",
				"etag": "^1.8.1",
				"fast-glob": "^3.3.1",
				"fsevents": "~2.3.2",
				"http-proxy": "^1.18.1",
				"json-stable-stringify": "^1.0.2",
				"launch-editor-middleware": "^2.6.0",
				"lightningcss": "^1.21.5",
				"magic-string": "^0.30.2",
				"micromatch": "^4.0.5",
				"mlly": "^1.4.0",
				"mrmime": "^1.0.1",
				"okie": "^1.0.1",
				"open": "^8.4.2",
				"parse5": "^7.1.2",
				"periscopic": "^3.1.0",
				"picocolors": "^1.0.0",
				"picomatch": "^2.3.1",
				"postcss": "^8.4.27",
				"postcss-import": "^15.1.0",
				"postcss-load-config": "^4.0.1",
				"postcss-modules": "^6.0.0",
				"resolve.exports": "^2.0.2",
				"rollup": "^3.27.1",
				"rollup-plugin-license": "^3.0.1",
				"sirv": "^2.0.3",
				"source-map-support": "^0.5.21",
				"strip-ansi": "^7.1.0",
				"strip-literal": "^1.3.0",
				"tsconfck": "^2.1.2",
				"tslib": "^2.6.1",
				"types": "link:./types",
				"ufo": "^1.2.0",
				"ws": "^8.13.0"
			}
		},
		"yootils": {
			"version": "file:../../node_modules/.pnpm/yootils@0.3.1/node_modules/yootils",
			"requires": {
				"agadoo": "^2.0.0",
				"esbuild": "^0.12.8",
				"prettier": "^2.3.1",
				"typescript": "^4.3.2",
				"uvu": "^0.5.1"
			}
		}
	}
}
